
Microsoft Visual Studio Solution File, Format Version 12.00
# Visual Studio 15
VisualStudioVersion = 15.0.27703.2035
MinimumVisualStudioVersion = 10.0.40219.1
Project("{8BC9CEB8-8B4A-11D0-8D11-00A0C91BC942}") = "Binary Search Tree", "Binary Search Tree\Binary Search Tree.vcxproj", "{9C6D4CE0-7A41-4D95-BF44-080AC74DC161}"
EndProject
Global
	GlobalSection(SolutionConfigurationPlatforms) = preSolution
		Debug|x64 = Debug|x64
		Debug|x86 = Debug|x86
		Release|x64 = Release|x64
		Release|x86 = Release|x86
	EndGlobalSection
	GlobalSection(ProjectConfigurationPlatforms) = postSolution
		{9C6D4CE0-7A41-4D95-BF44-080AC74DC161}.Debug|x64.ActiveCfg = Debug|x64
		{9C6D4CE0-7A41-4D95-BF44-080AC74DC161}.Debug|x64.Build.0 = Debug|x64
		{9C6D4CE0-7A41-4D95-BF44-080AC74DC161}.Debug|x86.ActiveCfg = Debug|Win32
		{9C6D4CE0-7A41-4D95-BF44-080AC74DC161}.Debug|x86.Build.0 = Debug|Win32
		{9C6D4CE0-7A41-4D95-BF44-080AC74DC161}.Release|x64.ActiveCfg = Release|x64
		{9C6D4CE0-7A41-4D95-BF44-080AC74DC161}.Release|x64.Build.0 = Release|x64
		{9C6D4CE0-7A41-4D95-BF44-080AC74DC161}.Release|x86.ActiveCfg = Release|Win32
		{9C6D4CE0-7A41-4D95-BF44-080AC74DC161}.Release|x86.Build.0 = Release|Win32
	EndGlobalSection
	GlobalSection(SolutionProperties) = preSolution
		HideSolutionNode = FALSE
	EndGlobalSection
	GlobalSection(ExtensibilityGlobals) = postSolution
		SolutionGuid = {38E8018A-CC9F-48B7-A5EC-AF5B20B7E4CC}
	EndGlobalSection
EndGlobal
